
Microsoft Visual Studio Solution File, Format Version 10.00
# Visual Studio 2008
Project("{8BC9CEB8-8B4A-11D0-8D11-00A0C91BC942}") = "cnbt", "cnbt.vcproj", "{AAD88B6E-6EB8-42F5-8B49-6A12628FD236}"
EndProject
Global
	GlobalSection(SolutionConfigurationPlatforms) = preSolution
		Debug|Win32 = Debug|Win32
		Release|Win32 = Release|Win32
	EndGlobalSection
	GlobalSection(ProjectConfigurationPlatforms) = postSolution
		{AAD88B6E-6EB8-42F5-8B49-6A12628FD236}.Debug|Win32.ActiveCfg = Release|Win32
		{AAD88B6E-6EB8-42F5-8B49-6A12628FD236}.Debug|Win32.Build.0 = Release|Win32
		{AAD88B6E-6EB8-42F5-8B49-6A12628FD236}.Release|Win32.ActiveCfg = Release|Win32
		{AAD88B6E-6EB8-42F5-8B49-6A12628FD236}.Release|Win32.Build.0 = Release|Win32
	EndGlobalSection
	GlobalSection(SolutionProperties) = preSolution
		HideSolutionNode = FALSE
	EndGlobalSection
EndGlobal
